{
    "name": "uniCloud-admin",
    "version": "1.1.4",
    "lockfileVersion": 1,
    "requires": true,
    "dependencies": {
        "v-contextmenu": {
            "version": "2.8.0",
            "resolved": "https://registry.npm.taobao.org/v-contextmenu/download/v-contextmenu-2.8.0.tgz?cache=0&sync_timestamp=1606989629698&other_urls=https%3A%2F%2Fregistry.npm.taobao.org%2Fv-contextmenu%2Fdownload%2Fv-contextmenu-2.8.0.tgz",
            "integrity": "sha1-7pMMl016coJFFYOImrcMPbAwmK0=",
            "requires": {
                "vue": "^2.5.16"
            }
        },
        "vue": {
            "version": "2.6.12",
            "resolved": "https://registry.npm.taobao.org/vue/download/vue-2.6.12.tgz?cache=0&sync_timestamp=1606946460885&other_urls=https%3A%2F%2Fregistry.npm.taobao.org%2Fvue%2Fdownload%2Fvue-2.6.12.tgz",
            "integrity": "sha1-9evU+mvShpQD4pqJau1JBEVskSM="
        },
        "vue-aplayer": {
            "version": "1.6.1",
            "resolved": "https://registry.npm.taobao.org/vue-aplayer/download/vue-aplayer-1.6.1.tgz",
            "integrity": "sha1-F/1BmwkeCUJbxzf6noT1VWUWDfY="
        }
    }
}
